{"is_source_file": false, "format": "", "description": "", "external_files": [], "external_methods": [], "published": [], "classes": [], "methods": [], "calls": [], "search-terms": [], "state": 2, "file_id": 9, "knowledge_revision": 20, "git_revision": "0b40a9eb8389126457034cdc8a976bec3b2cb940", "hash": "9c4ed7ef73e22b872b8055bec08b8979", "format-version": 4, "code-base-name": "default", "filename": "neuroquest_web_app/post_process_status.lock", "revision_history": [{"20": "0b40a9eb8389126457034cdc8a976bec3b2cb940"}]}