{"is_source_file": false, "format": "", "description": "", "external_files": [], "external_methods": [], "published": [], "classes": [], "methods": [], "calls": [], "search-terms": [], "state": 2, "file_id": 18, "knowledge_revision": 37, "git_revision": "eee4cf50137cc3d30da29e305cbafa111f07f80a", "hash": "e9b4c3b42cef0193b7fddb548d37e652", "format-version": 4, "code-base-name": "default", "filename": "neuroquest/post_process_status.lock", "revision_history": [{"37": "eee4cf50137cc3d30da29e305cbafa111f07f80a"}]}