{"is_source_file": false, "format": "", "description": "", "external_files": [], "external_methods": [], "published": [], "classes": [], "methods": [], "calls": [], "search-terms": [], "state": 2, "file_id": 1, "knowledge_revision": 20, "git_revision": "79bf46dd9f28c3af84e50562ccf583c74e117c49", "hash": "9c4ed7ef73e22b872b8055bec08b8979", "format-version": 4, "code-base-name": "default", "filename": "neuroquest/post_process_status.lock", "revision_history": [{"20": "79bf46dd9f28c3af84e50562ccf583c74e117c49"}]}