{"is_source_file": false, "format": "", "description": "", "external_files": [], "external_methods": [], "published": [], "classes": [], "methods": [], "calls": [], "search-terms": [], "state": 2, "file_id": 18, "knowledge_revision": 36, "git_revision": "b8cf317219c6f32a349db1ca330ec3d7abae5042", "hash": "e9b4c3b42cef0193b7fddb548d37e652", "format-version": 4, "code-base-name": "default", "filename": "neuroquest_frontend/post_process_status.lock", "revision_history": [{"36": "b8cf317219c6f32a349db1ca330ec3d7abae5042"}]}