{"is_source_file": false, "format": "", "description": "", "external_files": [], "external_methods": [], "published": [], "classes": [], "methods": [], "calls": [], "search-terms": [], "state": 2, "file_id": 42, "knowledge_revision": 184, "git_revision": "04d578caae9738b5960fc9e671d6ba72257e698a", "hash": "e9b4c3b42cef0193b7fddb548d37e652", "format-version": 4, "code-base-name": "default", "filename": "neuroquest_web_app/post_process_status.lock", "revision_history": [{"184": "04d578caae9738b5960fc9e671d6ba72257e698a"}]}